
Microsoft Visual Studio Solution File, Format Version 12.00
# Visual Studio Version 17
VisualStudioVersion = 17.11.35219.272
MinimumVisualStudioVersion = 10.0.40219.1
Project("{FAE04EC0-301F-11D3-BF4B-00C04F79EFBC}") = "CombatApp", "CombatApp\CombatApp.csproj", "{CFC899C7-E42F-47BD-BD9B-7F53336E2C5E}"
EndProject
Global
	GlobalSection(SolutionConfigurationPlatforms) = preSolution
		Debug|Any CPU = Debug|Any CPU
		Release|Any CPU = Release|Any CPU
	EndGlobalSection
	GlobalSection(ProjectConfigurationPlatforms) = postSolution
		{CFC899C7-E42F-47BD-BD9B-7F53336E2C5E}.Debug|Any CPU.ActiveCfg = Debug|Any CPU
		{CFC899C7-E42F-47BD-BD9B-7F53336E2C5E}.Debug|Any CPU.Build.0 = Debug|Any CPU
		{CFC899C7-E42F-47BD-BD9B-7F53336E2C5E}.Release|Any CPU.ActiveCfg = Release|Any CPU
		{CFC899C7-E42F-47BD-BD9B-7F53336E2C5E}.Release|Any CPU.Build.0 = Release|Any CPU
	EndGlobalSection
	GlobalSection(SolutionProperties) = preSolution
		HideSolutionNode = FALSE
	EndGlobalSection
	GlobalSection(ExtensibilityGlobals) = postSolution
		SolutionGuid = {5B54F6BC-7CA1-48F4-90F5-0933A0553617}
	EndGlobalSection
EndGlobal
